
Microsoft Visual Studio Solution File, Format Version 12.00
# Visual Studio Version 17
VisualStudioVersion = 17.7.34221.43
MinimumVisualStudioVersion = 10.0.40219.1
Project("{FAE04EC0-301F-11D3-BF4B-00C04F79EFBC}") = "GitTest", "GitTest\GitTest.csproj", "{A27D776C-5CE5-481B-922E-706693BA8F20}"
EndProject
Global
	GlobalSection(SolutionConfigurationPlatforms) = preSolution
		Debug|Any CPU = Debug|Any CPU
		Release|Any CPU = Release|Any CPU
	EndGlobalSection
	GlobalSection(ProjectConfigurationPlatforms) = postSolution
		{A27D776C-5CE5-481B-922E-706693BA8F20}.Debug|Any CPU.ActiveCfg = Debug|Any CPU
		{A27D776C-5CE5-481B-922E-706693BA8F20}.Debug|Any CPU.Build.0 = Debug|Any CPU
		{A27D776C-5CE5-481B-922E-706693BA8F20}.Release|Any CPU.ActiveCfg = Release|Any CPU
		{A27D776C-5CE5-481B-922E-706693BA8F20}.Release|Any CPU.Build.0 = Release|Any CPU
	EndGlobalSection
	GlobalSection(SolutionProperties) = preSolution
		HideSolutionNode = FALSE
	EndGlobalSection
	GlobalSection(ExtensibilityGlobals) = postSolution
		SolutionGuid = {FD4036E0-9D1F-4F5E-A22F-5D225407F8F6}
	EndGlobalSection
EndGlobal
